
Microsoft Visual Studio Solution File, Format Version 12.00
# Visual Studio Version 17
VisualStudioVersion = 17.1.32228.430
MinimumVisualStudioVersion = 10.0.40219.1
Project("{FAE04EC0-301F-11D3-BF4B-00C04F79EFBC}") = "OOP011Abstract", "OOP011Abstract.csproj", "{14553811-6673-47FF-9DE9-346298B8A903}"
EndProject
Global
	GlobalSection(SolutionConfigurationPlatforms) = preSolution
		Debug|Any CPU = Debug|Any CPU
		Release|Any CPU = Release|Any CPU
	EndGlobalSection
	GlobalSection(ProjectConfigurationPlatforms) = postSolution
		{14553811-6673-47FF-9DE9-346298B8A903}.Debug|Any CPU.ActiveCfg = Debug|Any CPU
		{14553811-6673-47FF-9DE9-346298B8A903}.Debug|Any CPU.Build.0 = Debug|Any CPU
		{14553811-6673-47FF-9DE9-346298B8A903}.Release|Any CPU.ActiveCfg = Release|Any CPU
		{14553811-6673-47FF-9DE9-346298B8A903}.Release|Any CPU.Build.0 = Release|Any CPU
	EndGlobalSection
	GlobalSection(SolutionProperties) = preSolution
		HideSolutionNode = FALSE
	EndGlobalSection
	GlobalSection(ExtensibilityGlobals) = postSolution
		SolutionGuid = {201C0A02-1B80-4601-AEFF-FCE2F6B4C032}
	EndGlobalSection
EndGlobal
